
Microsoft Visual Studio Solution File, Format Version 12.00
# Visual Studio Version 16
VisualStudioVersion = 16.0.28902.138
MinimumVisualStudioVersion = 10.0.40219.1
Project("{FAE04EC0-301F-11D3-BF4B-00C04F79EFBC}") = "DependencyPropDemo", "DependencyPropDemo\DependencyPropDemo.csproj", "{40D6C90B-670F-4D3C-9A79-467D7A104298}"
EndProject
Project("{FAE04EC0-301F-11D3-BF4B-00C04F79EFBC}") = "MultipropertiesTriggerDemo", "MultipropertiesTriggerDemo\MultipropertiesTriggerDemo.csproj", "{4375B44A-67D8-4665-88F0-9ABC1D2EDECE}"
EndProject
Global
	GlobalSection(SolutionConfigurationPlatforms) = preSolution
		Debug|Any CPU = Debug|Any CPU
		Release|Any CPU = Release|Any CPU
	EndGlobalSection
	GlobalSection(ProjectConfigurationPlatforms) = postSolution
		{40D6C90B-670F-4D3C-9A79-467D7A104298}.Debug|Any CPU.ActiveCfg = Debug|Any CPU
		{40D6C90B-670F-4D3C-9A79-467D7A104298}.Debug|Any CPU.Build.0 = Debug|Any CPU
		{40D6C90B-670F-4D3C-9A79-467D7A104298}.Release|Any CPU.ActiveCfg = Release|Any CPU
		{40D6C90B-670F-4D3C-9A79-467D7A104298}.Release|Any CPU.Build.0 = Release|Any CPU
		{4375B44A-67D8-4665-88F0-9ABC1D2EDECE}.Debug|Any CPU.ActiveCfg = Debug|Any CPU
		{4375B44A-67D8-4665-88F0-9ABC1D2EDECE}.Debug|Any CPU.Build.0 = Debug|Any CPU
		{4375B44A-67D8-4665-88F0-9ABC1D2EDECE}.Release|Any CPU.ActiveCfg = Release|Any CPU
		{4375B44A-67D8-4665-88F0-9ABC1D2EDECE}.Release|Any CPU.Build.0 = Release|Any CPU
	EndGlobalSection
	GlobalSection(SolutionProperties) = preSolution
		HideSolutionNode = FALSE
	EndGlobalSection
	GlobalSection(ExtensibilityGlobals) = postSolution
		SolutionGuid = {749C3F6A-6948-47AE-94B1-0F83545A10DE}
	EndGlobalSection
EndGlobal
